
Microsoft Visual Studio Solution File, Format Version 12.00
# Visual Studio Version 16
VisualStudioVersion = 16.0.30002.166
MinimumVisualStudioVersion = 10.0.40219.1
Project("{9A19103F-16F7-4668-BE54-9A1E7A4F7556}") = "QuickAndDirtyRover", "src\QuickAndDirtyRover\QuickAndDirtyRover.csproj", "{4FB3DEDD-A816-4648-B666-13451D4345C2}"
EndProject
Project("{9A19103F-16F7-4668-BE54-9A1E7A4F7556}") = "MarsRover.Domain", "src\MarsRover.Domain\MarsRover.Domain.csproj", "{AEAFDCFB-6F53-4DEE-A109-FAA694BCF202}"
EndProject
Project("{9A19103F-16F7-4668-BE54-9A1E7A4F7556}") = "MarsRover.Tests", "tests\MarsRover.Tests\MarsRover.Tests.csproj", "{95881A3A-054F-4A7F-8817-EF8362020DD5}"
EndProject
Project("{9A19103F-16F7-4668-BE54-9A1E7A4F7556}") = "MarsRover.ConsoleApp", "src\MarsRover.ConsoleApp\MarsRover.ConsoleApp.csproj", "{27B04907-A268-4CC1-9A0A-76543E1426C2}"
EndProject
Global
	GlobalSection(SolutionConfigurationPlatforms) = preSolution
		Debug|Any CPU = Debug|Any CPU
		Debug|ARM = Debug|ARM
		Debug|ARM64 = Debug|ARM64
		Debug|x64 = Debug|x64
		Debug|x86 = Debug|x86
		Release|Any CPU = Release|Any CPU
		Release|ARM = Release|ARM
		Release|ARM64 = Release|ARM64
		Release|x64 = Release|x64
		Release|x86 = Release|x86
	EndGlobalSection
	GlobalSection(ProjectConfigurationPlatforms) = postSolution
		{4FB3DEDD-A816-4648-B666-13451D4345C2}.Debug|Any CPU.ActiveCfg = Debug|Any CPU
		{4FB3DEDD-A816-4648-B666-13451D4345C2}.Debug|Any CPU.Build.0 = Debug|Any CPU
		{4FB3DEDD-A816-4648-B666-13451D4345C2}.Debug|ARM.ActiveCfg = Debug|Any CPU
		{4FB3DEDD-A816-4648-B666-13451D4345C2}.Debug|ARM.Build.0 = Debug|Any CPU
		{4FB3DEDD-A816-4648-B666-13451D4345C2}.Debug|ARM64.ActiveCfg = Debug|Any CPU
		{4FB3DEDD-A816-4648-B666-13451D4345C2}.Debug|ARM64.Build.0 = Debug|Any CPU
		{4FB3DEDD-A816-4648-B666-13451D4345C2}.Debug|x64.ActiveCfg = Debug|Any CPU
		{4FB3DEDD-A816-4648-B666-13451D4345C2}.Debug|x64.Build.0 = Debug|Any CPU
		{4FB3DEDD-A816-4648-B666-13451D4345C2}.Debug|x86.ActiveCfg = Debug|Any CPU
		{4FB3DEDD-A816-4648-B666-13451D4345C2}.Debug|x86.Build.0 = Debug|Any CPU
		{4FB3DEDD-A816-4648-B666-13451D4345C2}.Release|Any CPU.ActiveCfg = Release|Any CPU
		{4FB3DEDD-A816-4648-B666-13451D4345C2}.Release|Any CPU.Build.0 = Release|Any CPU
		{4FB3DEDD-A816-4648-B666-13451D4345C2}.Release|ARM.ActiveCfg = Release|Any CPU
		{4FB3DEDD-A816-4648-B666-13451D4345C2}.Release|ARM.Build.0 = Release|Any CPU
		{4FB3DEDD-A816-4648-B666-13451D4345C2}.Release|ARM64.ActiveCfg = Release|Any CPU
		{4FB3DEDD-A816-4648-B666-13451D4345C2}.Release|ARM64.Build.0 = Release|Any CPU
		{4FB3DEDD-A816-4648-B666-13451D4345C2}.Release|x64.ActiveCfg = Release|Any CPU
		{4FB3DEDD-A816-4648-B666-13451D4345C2}.Release|x64.Build.0 = Release|Any CPU
		{4FB3DEDD-A816-4648-B666-13451D4345C2}.Release|x86.ActiveCfg = Release|Any CPU
		{4FB3DEDD-A816-4648-B666-13451D4345C2}.Release|x86.Build.0 = Release|Any CPU
		{AEAFDCFB-6F53-4DEE-A109-FAA694BCF202}.Debug|Any CPU.ActiveCfg = Debug|Any CPU
		{AEAFDCFB-6F53-4DEE-A109-FAA694BCF202}.Debug|Any CPU.Build.0 = Debug|Any CPU
		{AEAFDCFB-6F53-4DEE-A109-FAA694BCF202}.Debug|ARM.ActiveCfg = Debug|Any CPU
		{AEAFDCFB-6F53-4DEE-A109-FAA694BCF202}.Debug|ARM.Build.0 = Debug|Any CPU
		{AEAFDCFB-6F53-4DEE-A109-FAA694BCF202}.Debug|ARM64.ActiveCfg = Debug|Any CPU
		{AEAFDCFB-6F53-4DEE-A109-FAA694BCF202}.Debug|ARM64.Build.0 = Debug|Any CPU
		{AEAFDCFB-6F53-4DEE-A109-FAA694BCF202}.Debug|x64.ActiveCfg = Debug|Any CPU
		{AEAFDCFB-6F53-4DEE-A109-FAA694BCF202}.Debug|x64.Build.0 = Debug|Any CPU
		{AEAFDCFB-6F53-4DEE-A109-FAA694BCF202}.Debug|x86.ActiveCfg = Debug|Any CPU
		{AEAFDCFB-6F53-4DEE-A109-FAA694BCF202}.Debug|x86.Build.0 = Debug|Any CPU
		{AEAFDCFB-6F53-4DEE-A109-FAA694BCF202}.Release|Any CPU.ActiveCfg = Release|Any CPU
		{AEAFDCFB-6F53-4DEE-A109-FAA694BCF202}.Release|Any CPU.Build.0 = Release|Any CPU
		{AEAFDCFB-6F53-4DEE-A109-FAA694BCF202}.Release|ARM.ActiveCfg = Release|Any CPU
		{AEAFDCFB-6F53-4DEE-A109-FAA694BCF202}.Release|ARM.Build.0 = Release|Any CPU
		{AEAFDCFB-6F53-4DEE-A109-FAA694BCF202}.Release|ARM64.ActiveCfg = Release|Any CPU
		{AEAFDCFB-6F53-4DEE-A109-FAA694BCF202}.Release|ARM64.Build.0 = Release|Any CPU
		{AEAFDCFB-6F53-4DEE-A109-FAA694BCF202}.Release|x64.ActiveCfg = Release|Any CPU
		{AEAFDCFB-6F53-4DEE-A109-FAA694BCF202}.Release|x64.Build.0 = Release|Any CPU
		{AEAFDCFB-6F53-4DEE-A109-FAA694BCF202}.Release|x86.ActiveCfg = Release|Any CPU
		{AEAFDCFB-6F53-4DEE-A109-FAA694BCF202}.Release|x86.Build.0 = Release|Any CPU
		{95881A3A-054F-4A7F-8817-EF8362020DD5}.Debug|Any CPU.ActiveCfg = Debug|Any CPU
		{95881A3A-054F-4A7F-8817-EF8362020DD5}.Debug|Any CPU.Build.0 = Debug|Any CPU
		{95881A3A-054F-4A7F-8817-EF8362020DD5}.Debug|ARM.ActiveCfg = Debug|Any CPU
		{95881A3A-054F-4A7F-8817-EF8362020DD5}.Debug|ARM.Build.0 = Debug|Any CPU
		{95881A3A-054F-4A7F-8817-EF8362020DD5}.Debug|ARM64.ActiveCfg = Debug|Any CPU
		{95881A3A-054F-4A7F-8817-EF8362020DD5}.Debug|ARM64.Build.0 = Debug|Any CPU
		{95881A3A-054F-4A7F-8817-EF8362020DD5}.Debug|x64.ActiveCfg = Debug|Any CPU
		{95881A3A-054F-4A7F-8817-EF8362020DD5}.Debug|x64.Build.0 = Debug|Any CPU
		{95881A3A-054F-4A7F-8817-EF8362020DD5}.Debug|x86.ActiveCfg = Debug|Any CPU
		{95881A3A-054F-4A7F-8817-EF8362020DD5}.Debug|x86.Build.0 = Debug|Any CPU
		{95881A3A-054F-4A7F-8817-EF8362020DD5}.Release|Any CPU.ActiveCfg = Release|Any CPU
		{95881A3A-054F-4A7F-8817-EF8362020DD5}.Release|Any CPU.Build.0 = Release|Any CPU
		{95881A3A-054F-4A7F-8817-EF8362020DD5}.Release|ARM.ActiveCfg = Release|Any CPU
		{95881A3A-054F-4A7F-8817-EF8362020DD5}.Release|ARM.Build.0 = Release|Any CPU
		{95881A3A-054F-4A7F-8817-EF8362020DD5}.Release|ARM64.ActiveCfg = Release|Any CPU
		{95881A3A-054F-4A7F-8817-EF8362020DD5}.Release|ARM64.Build.0 = Release|Any CPU
		{95881A3A-054F-4A7F-8817-EF8362020DD5}.Release|x64.ActiveCfg = Release|Any CPU
		{95881A3A-054F-4A7F-8817-EF8362020DD5}.Release|x64.Build.0 = Release|Any CPU
		{95881A3A-054F-4A7F-8817-EF8362020DD5}.Release|x86.ActiveCfg = Release|Any CPU
		{95881A3A-054F-4A7F-8817-EF8362020DD5}.Release|x86.Build.0 = Release|Any CPU
		{27B04907-A268-4CC1-9A0A-76543E1426C2}.Debug|Any CPU.ActiveCfg = Debug|Any CPU
		{27B04907-A268-4CC1-9A0A-76543E1426C2}.Debug|Any CPU.Build.0 = Debug|Any CPU
		{27B04907-A268-4CC1-9A0A-76543E1426C2}.Debug|ARM.ActiveCfg = Debug|Any CPU
		{27B04907-A268-4CC1-9A0A-76543E1426C2}.Debug|ARM.Build.0 = Debug|Any CPU
		{27B04907-A268-4CC1-9A0A-76543E1426C2}.Debug|ARM64.ActiveCfg = Debug|Any CPU
		{27B04907-A268-4CC1-9A0A-76543E1426C2}.Debug|ARM64.Build.0 = Debug|Any CPU
		{27B04907-A268-4CC1-9A0A-76543E1426C2}.Debug|x64.ActiveCfg = Debug|Any CPU
		{27B04907-A268-4CC1-9A0A-76543E1426C2}.Debug|x64.Build.0 = Debug|Any CPU
		{27B04907-A268-4CC1-9A0A-76543E1426C2}.Debug|x86.ActiveCfg = Debug|Any CPU
		{27B04907-A268-4CC1-9A0A-76543E1426C2}.Debug|x86.Build.0 = Debug|Any CPU
		{27B04907-A268-4CC1-9A0A-76543E1426C2}.Release|Any CPU.ActiveCfg = Release|Any CPU
		{27B04907-A268-4CC1-9A0A-76543E1426C2}.Release|Any CPU.Build.0 = Release|Any CPU
		{27B04907-A268-4CC1-9A0A-76543E1426C2}.Release|ARM.ActiveCfg = Release|Any CPU
		{27B04907-A268-4CC1-9A0A-76543E1426C2}.Release|ARM.Build.0 = Release|Any CPU
		{27B04907-A268-4CC1-9A0A-76543E1426C2}.Release|ARM64.ActiveCfg = Release|Any CPU
		{27B04907-A268-4CC1-9A0A-76543E1426C2}.Release|ARM64.Build.0 = Release|Any CPU
		{27B04907-A268-4CC1-9A0A-76543E1426C2}.Release|x64.ActiveCfg = Release|Any CPU
		{27B04907-A268-4CC1-9A0A-76543E1426C2}.Release|x64.Build.0 = Release|Any CPU
		{27B04907-A268-4CC1-9A0A-76543E1426C2}.Release|x86.ActiveCfg = Release|Any CPU
		{27B04907-A268-4CC1-9A0A-76543E1426C2}.Release|x86.Build.0 = Release|Any CPU
		{3A91219E-8C1C-461A-8D2A-A0D1638158E6}.Debug|Any CPU.ActiveCfg = Debug|Any CPU
		{3A91219E-8C1C-461A-8D2A-A0D1638158E6}.Debug|Any CPU.Build.0 = Debug|Any CPU
		{3A91219E-8C1C-461A-8D2A-A0D1638158E6}.Debug|ARM.ActiveCfg = Debug|Any CPU
		{3A91219E-8C1C-461A-8D2A-A0D1638158E6}.Debug|ARM.Build.0 = Debug|Any CPU
		{3A91219E-8C1C-461A-8D2A-A0D1638158E6}.Debug|ARM64.ActiveCfg = Debug|Any CPU
		{3A91219E-8C1C-461A-8D2A-A0D1638158E6}.Debug|ARM64.Build.0 = Debug|Any CPU
		{3A91219E-8C1C-461A-8D2A-A0D1638158E6}.Debug|x64.ActiveCfg = Debug|Any CPU
		{3A91219E-8C1C-461A-8D2A-A0D1638158E6}.Debug|x64.Build.0 = Debug|Any CPU
		{3A91219E-8C1C-461A-8D2A-A0D1638158E6}.Debug|x86.ActiveCfg = Debug|Any CPU
		{3A91219E-8C1C-461A-8D2A-A0D1638158E6}.Debug|x86.Build.0 = Debug|Any CPU
		{3A91219E-8C1C-461A-8D2A-A0D1638158E6}.Release|Any CPU.ActiveCfg = Release|Any CPU
		{3A91219E-8C1C-461A-8D2A-A0D1638158E6}.Release|Any CPU.Build.0 = Release|Any CPU
		{3A91219E-8C1C-461A-8D2A-A0D1638158E6}.Release|ARM.ActiveCfg = Release|Any CPU
		{3A91219E-8C1C-461A-8D2A-A0D1638158E6}.Release|ARM.Build.0 = Release|Any CPU
		{3A91219E-8C1C-461A-8D2A-A0D1638158E6}.Release|ARM64.ActiveCfg = Release|Any CPU
		{3A91219E-8C1C-461A-8D2A-A0D1638158E6}.Release|ARM64.Build.0 = Release|Any CPU
		{3A91219E-8C1C-461A-8D2A-A0D1638158E6}.Release|x64.ActiveCfg = Release|Any CPU
		{3A91219E-8C1C-461A-8D2A-A0D1638158E6}.Release|x64.Build.0 = Release|Any CPU
		{3A91219E-8C1C-461A-8D2A-A0D1638158E6}.Release|x86.ActiveCfg = Release|Any CPU
		{3A91219E-8C1C-461A-8D2A-A0D1638158E6}.Release|x86.Build.0 = Release|Any CPU
	EndGlobalSection
	GlobalSection(SolutionProperties) = preSolution
		HideSolutionNode = FALSE
	EndGlobalSection
	GlobalSection(ExtensibilityGlobals) = postSolution
		SolutionGuid = {CAFAC5A3-3BFB-495B-BF61-27A69858F5B6}
	EndGlobalSection
EndGlobal
